// !$*UTF8*$!
{
	archiveVersion = 1;
	classes = {
	};
	objectVersion = 56;
	objects = {

/* Begin PBXBuildFile section */
		7E09F18A2986A2F000C00CA2 /* APICaller.swift in Sources */ = {isa = PBXBuildFile; fileRef = 7E09F1892986A2F000C00CA2 /* APICaller.swift */; };
		7E09F18C2986B9E400C00CA2 /* Film.swift in Sources */ = {isa = PBXBuildFile; fileRef = 7E09F18B2986B9E400C00CA2 /* Film.swift */; };
		7E09F18E2986C14F00C00CA2 /* Extensions.swift in Sources */ = {isa = PBXBuildFile; fileRef = 7E09F18D2986C14F00C00CA2 /* Extensions.swift */; };
		7E09F1922986D21D00C00CA2 /* FilmCollectionViewCell.swift in Sources */ = {isa = PBXBuildFile; fileRef = 7E09F1912986D21D00C00CA2 /* FilmCollectionViewCell.swift */; };
		7E167C822987D412007D5688 /* SDWebImage in Frameworks */ = {isa = PBXBuildFile; productRef = 7E167C812987D412007D5688 /* SDWebImage */; };
		7E167C842987D412007D5688 /* SDWebImageMapKit in Frameworks */ = {isa = PBXBuildFile; productRef = 7E167C832987D412007D5688 /* SDWebImageMapKit */; };
		7E167C862987E6D9007D5688 /* FilmTableViewCell.swift in Sources */ = {isa = PBXBuildFile; fileRef = 7E167C852987E6D9007D5688 /* FilmTableViewCell.swift */; };
		7E167C882987E901007D5688 /* FilmViewModel.swift in Sources */ = {isa = PBXBuildFile; fileRef = 7E167C872987E901007D5688 /* FilmViewModel.swift */; };
		7E167C8A2987F9D6007D5688 /* SearchResultViewController.swift in Sources */ = {isa = PBXBuildFile; fileRef = 7E167C892987F9D6007D5688 /* SearchResultViewController.swift */; };
		7E167C912987FA4B007D5688 /* HomeViewController.swift in Sources */ = {isa = PBXBuildFile; fileRef = 7E167C902987FA4B007D5688 /* HomeViewController.swift */; };
		7E167C932988088E007D5688 /* YoutubeSearchResponse.swift in Sources */ = {isa = PBXBuildFile; fileRef = 7E167C922988088E007D5688 /* YoutubeSearchResponse.swift */; };
		7E167C9529880C86007D5688 /* FilmPreviewViewController.swift in Sources */ = {isa = PBXBuildFile; fileRef = 7E167C9429880C86007D5688 /* FilmPreviewViewController.swift */; };
		7E167C9729881855007D5688 /* FilmPreviewViewModel.swift in Sources */ = {isa = PBXBuildFile; fileRef = 7E167C9629881855007D5688 /* FilmPreviewViewModel.swift */; };
		7E7F6F5729864C170037F881 /* AppDelegate.swift in Sources */ = {isa = PBXBuildFile; fileRef = 7E7F6F5629864C170037F881 /* AppDelegate.swift */; };
		7E7F6F5929864C170037F881 /* SceneDelegate.swift in Sources */ = {isa = PBXBuildFile; fileRef = 7E7F6F5829864C170037F881 /* SceneDelegate.swift */; };
		7E7F6F5B29864C170037F881 /* MainTabBarViewController.swift in Sources */ = {isa = PBXBuildFile; fileRef = 7E7F6F5A29864C170037F881 /* MainTabBarViewController.swift */; };
		7E7F6F6029864C180037F881 /* Assets.xcassets in Resources */ = {isa = PBXBuildFile; fileRef = 7E7F6F5F29864C180037F881 /* Assets.xcassets */; };
		7E7F6F6329864C180037F881 /* LaunchScreen.storyboard in Resources */ = {isa = PBXBuildFile; fileRef = 7E7F6F6129864C180037F881 /* LaunchScreen.storyboard */; };
		7E7F6F6E2986647B0037F881 /* UpcomingViewController.swift in Sources */ = {isa = PBXBuildFile; fileRef = 7E7F6F6D2986647B0037F881 /* UpcomingViewController.swift */; };
		7E7F6F702986649C0037F881 /* SearchViewController.swift in Sources */ = {isa = PBXBuildFile; fileRef = 7E7F6F6F2986649C0037F881 /* SearchViewController.swift */; };
		7E7F6F72298664B60037F881 /* DownloadViewController.swift in Sources */ = {isa = PBXBuildFile; fileRef = 7E7F6F71298664B60037F881 /* DownloadViewController.swift */; };
		7E7F6F79298676F10037F881 /* CollectionViewTableViewCell.swift in Sources */ = {isa = PBXBuildFile; fileRef = 7E7F6F78298676F10037F881 /* CollectionViewTableViewCell.swift */; };
		7E7F6F7B298681760037F881 /* HeroHeaderUIView.swift in Sources */ = {isa = PBXBuildFile; fileRef = 7E7F6F7A298681760037F881 /* HeroHeaderUIView.swift */; };
/* End PBXBuildFile section */

/* Begin PBXFileReference section */
		7E09F1892986A2F000C00CA2 /* APICaller.swift */ = {isa = PBXFileReference; lastKnownFileType = sourcecode.swift; path = APICaller.swift; sourceTree = "<group>"; };
		7E09F18B2986B9E400C00CA2 /* Film.swift */ = {isa = PBXFileReference; lastKnownFileType = sourcecode.swift; path = Film.swift; sourceTree = "<group>"; };
		7E09F18D2986C14F00C00CA2 /* Extensions.swift */ = {isa = PBXFileReference; lastKnownFileType = sourcecode.swift; path = Extensions.swift; sourceTree = "<group>"; };
		7E09F1912986D21D00C00CA2 /* FilmCollectionViewCell.swift */ = {isa = PBXFileReference; lastKnownFileType = sourcecode.swift; path = FilmCollectionViewCell.swift; sourceTree = "<group>"; };
		7E167C852987E6D9007D5688 /* FilmTableViewCell.swift */ = {isa = PBXFileReference; lastKnownFileType = sourcecode.swift; path = FilmTableViewCell.swift; sourceTree = "<group>"; };
		7E167C872987E901007D5688 /* FilmViewModel.swift */ = {isa = PBXFileReference; lastKnownFileType = sourcecode.swift; path = FilmViewModel.swift; sourceTree = "<group>"; };
		7E167C892987F9D6007D5688 /* SearchResultViewController.swift */ = {isa = PBXFileReference; lastKnownFileType = sourcecode.swift; path = SearchResultViewController.swift; sourceTree = "<group>"; };
		7E167C902987FA4B007D5688 /* HomeViewController.swift */ = {isa = PBXFileReference; lastKnownFileType = sourcecode.swift; path = HomeViewController.swift; sourceTree = "<group>"; };
		7E167C922988088E007D5688 /* YoutubeSearchResponse.swift */ = {isa = PBXFileReference; lastKnownFileType = sourcecode.swift; path = YoutubeSearchResponse.swift; sourceTree = "<group>"; };
		7E167C9429880C86007D5688 /* FilmPreviewViewController.swift */ = {isa = PBXFileReference; lastKnownFileType = sourcecode.swift; path = FilmPreviewViewController.swift; sourceTree = "<group>"; };
		7E167C9629881855007D5688 /* FilmPreviewViewModel.swift */ = {isa = PBXFileReference; lastKnownFileType = sourcecode.swift; path = FilmPreviewViewModel.swift; sourceTree = "<group>"; };
		7E7F6F5329864C170037F881 /* Netflix.app */ = {isa = PBXFileReference; explicitFileType = wrapper.application; includeInIndex = 0; path = Netflix.app; sourceTree = BUILT_PRODUCTS_DIR; };
		7E7F6F5629864C170037F881 /* AppDelegate.swift */ = {isa = PBXFileReference; lastKnownFileType = sourcecode.swift; path = AppDelegate.swift; sourceTree = "<group>"; };
		7E7F6F5829864C170037F881 /* SceneDelegate.swift */ = {isa = PBXFileReference; lastKnownFileType = sourcecode.swift; path = SceneDelegate.swift; sourceTree = "<group>"; };
		7E7F6F5A29864C170037F881 /* MainTabBarViewController.swift */ = {isa = PBXFileReference; lastKnownFileType = sourcecode.swift; path = MainTabBarViewController.swift; sourceTree = "<group>"; };
		7E7F6F5F29864C180037F881 /* Assets.xcassets */ = {isa = PBXFileReference; lastKnownFileType = folder.assetcatalog; path = Assets.xcassets; sourceTree = "<group>"; };
		7E7F6F6229864C180037F881 /* Base */ = {isa = PBXFileReference; lastKnownFileType = file.storyboard; name = Base; path = Base.lproj/LaunchScreen.storyboard; sourceTree = "<group>"; };
		7E7F6F6429864C180037F881 /* Info.plist */ = {isa = PBXFileReference; lastKnownFileType = text.plist.xml; path = Info.plist; sourceTree = "<group>"; };
		7E7F6F6D2986647B0037F881 /* UpcomingViewController.swift */ = {isa = PBXFileReference; lastKnownFileType = sourcecode.swift; path = UpcomingViewController.swift; sourceTree = "<group>"; };
		7E7F6F6F2986649C0037F881 /* SearchViewController.swift */ = {isa = PBXFileReference; lastKnownFileType = sourcecode.swift; path = SearchViewController.swift; sourceTree = "<group>"; };
		7E7F6F71298664B60037F881 /* DownloadViewController.swift */ = {isa = PBXFileReference; lastKnownFileType = sourcecode.swift; path = DownloadViewController.swift; sourceTree = "<group>"; };
		7E7F6F78298676F10037F881 /* CollectionViewTableViewCell.swift */ = {isa = PBXFileReference; lastKnownFileType = sourcecode.swift; path = CollectionViewTableViewCell.swift; sourceTree = "<group>"; };
		7E7F6F7A298681760037F881 /* HeroHeaderUIView.swift */ = {isa = PBXFileReference; lastKnownFileType = sourcecode.swift; path = HeroHeaderUIView.swift; sourceTree = "<group>"; };
/* End PBXFileReference section */

/* Begin PBXFrameworksBuildPhase section */
		7E7F6F5029864C170037F881 /* Frameworks */ = {
			isa = PBXFrameworksBuildPhase;
			buildActionMask = 2147483647;
			files = (
				7E167C842987D412007D5688 /* SDWebImageMapKit in Frameworks */,
				7E167C822987D412007D5688 /* SDWebImage in Frameworks */,
			);
			runOnlyForDeploymentPostprocessing = 0;
		};
/* End PBXFrameworksBuildPhase section */

/* Begin PBXGroup section */
		7E167C8B2987F9F4007D5688 /* Core */ = {
			isa = PBXGroup;
			children = (
				7E7F6F71298664B60037F881 /* DownloadViewController.swift */,
				7E167C902987FA4B007D5688 /* HomeViewController.swift */,
				7E7F6F6D2986647B0037F881 /* UpcomingViewController.swift */,
				7E7F6F6F2986649C0037F881 /* SearchViewController.swift */,
				7E7F6F5A29864C170037F881 /* MainTabBarViewController.swift */,
			);
			path = Core;
			sourceTree = "<group>";
		};
		7E167C8D2987FA04007D5688 /* General */ = {
			isa = PBXGroup;
			children = (
				7E167C892987F9D6007D5688 /* SearchResultViewController.swift */,
				7E167C9429880C86007D5688 /* FilmPreviewViewController.swift */,
			);
			path = General;
			sourceTree = "<group>";
		};
		7E7F6F4A29864C170037F881 = {
			isa = PBXGroup;
			children = (
				7E7F6F5529864C170037F881 /* Netflix */,
				7E7F6F5429864C170037F881 /* Products */,
			);
			sourceTree = "<group>";
		};
		7E7F6F5429864C170037F881 /* Products */ = {
			isa = PBXGroup;
			children = (
				7E7F6F5329864C170037F881 /* Netflix.app */,
			);
			name = Products;
			sourceTree = "<group>";
		};
		7E7F6F5529864C170037F881 /* Netflix */ = {
			isa = PBXGroup;
			children = (
				7E7F6F77298676C10037F881 /* Managers */,
				7E7F6F76298676B80037F881 /* Resources */,
				7E7F6F75298676A40037F881 /* Model */,
				7E7F6F742986769D0037F881 /* ViewModel */,
				7E7F6F732986768A0037F881 /* View */,
				7E7F6F6A298664400037F881 /* Controllers */,
				7E7F6F5629864C170037F881 /* AppDelegate.swift */,
				7E7F6F5829864C170037F881 /* SceneDelegate.swift */,
				7E7F6F5F29864C180037F881 /* Assets.xcassets */,
				7E7F6F6129864C180037F881 /* LaunchScreen.storyboard */,
				7E7F6F6429864C180037F881 /* Info.plist */,
			);
			path = Netflix;
			sourceTree = "<group>";
		};
		7E7F6F6A298664400037F881 /* Controllers */ = {
			isa = PBXGroup;
			children = (
				7E167C8D2987FA04007D5688 /* General */,
				7E167C8B2987F9F4007D5688 /* Core */,
			);
			path = Controllers;
			sourceTree = "<group>";
		};
		7E7F6F732986768A0037F881 /* View */ = {
			isa = PBXGroup;
			children = (
				7E7F6F78298676F10037F881 /* CollectionViewTableViewCell.swift */,
				7E7F6F7A298681760037F881 /* HeroHeaderUIView.swift */,
				7E09F1912986D21D00C00CA2 /* FilmCollectionViewCell.swift */,
				7E167C852987E6D9007D5688 /* FilmTableViewCell.swift */,
			);
			path = View;
			sourceTree = "<group>";
		};
		7E7F6F742986769D0037F881 /* ViewModel */ = {
			isa = PBXGroup;
			children = (
				7E167C872987E901007D5688 /* FilmViewModel.swift */,
				7E167C9629881855007D5688 /* FilmPreviewViewModel.swift */,
			);
			path = ViewModel;
			sourceTree = "<group>";
		};
		7E7F6F75298676A40037F881 /* Model */ = {
			isa = PBXGroup;
			children = (
				7E09F18B2986B9E400C00CA2 /* Film.swift */,
				7E167C922988088E007D5688 /* YoutubeSearchResponse.swift */,
			);
			path = Model;
			sourceTree = "<group>";
		};
		7E7F6F76298676B80037F881 /* Resources */ = {
			isa = PBXGroup;
			children = (
				7E09F18D2986C14F00C00CA2 /* Extensions.swift */,
			);
			path = Resources;
			sourceTree = "<group>";
		};
		7E7F6F77298676C10037F881 /* Managers */ = {
			isa = PBXGroup;
			children = (
				7E09F1892986A2F000C00CA2 /* APICaller.swift */,
			);
			path = Managers;
			sourceTree = "<group>";
		};
/* End PBXGroup section */

/* Begin PBXNativeTarget section */
		7E7F6F5229864C170037F881 /* Netflix */ = {
			isa = PBXNativeTarget;
			buildConfigurationList = 7E7F6F6729864C180037F881 /* Build configuration list for PBXNativeTarget "Netflix" */;
			buildPhases = (
				7E7F6F4F29864C170037F881 /* Sources */,
				7E7F6F5029864C170037F881 /* Frameworks */,
				7E7F6F5129864C170037F881 /* Resources */,
			);
			buildRules = (
			);
			dependencies = (
			);
			name = Netflix;
			packageProductDependencies = (
				7E167C812987D412007D5688 /* SDWebImage */,
				7E167C832987D412007D5688 /* SDWebImageMapKit */,
			);
			productName = Netflix;
			productReference = 7E7F6F5329864C170037F881 /* Netflix.app */;
			productType = "com.apple.product-type.application";
		};
/* End PBXNativeTarget section */

/* Begin PBXProject section */
		7E7F6F4B29864C170037F881 /* Project object */ = {
			isa = PBXProject;
			attributes = {
				BuildIndependentTargetsInParallel = 1;
				LastSwiftUpdateCheck = 1420;
				LastUpgradeCheck = 1420;
				TargetAttributes = {
					7E7F6F5229864C170037F881 = {
						CreatedOnToolsVersion = 14.2;
					};
				};
			};
			buildConfigurationList = 7E7F6F4E29864C170037F881 /* Build configuration list for PBXProject "Netflix" */;
			compatibilityVersion = "Xcode 14.0";
			developmentRegion = en;
			hasScannedForEncodings = 0;
			knownRegions = (
				en,
				Base,
			);
			mainGroup = 7E7F6F4A29864C170037F881;
			packageReferences = (
				7E167C802987D412007D5688 /* XCRemoteSwiftPackageReference "SDWebImage" */,
			);
			productRefGroup = 7E7F6F5429864C170037F881 /* Products */;
			projectDirPath = "";
			projectRoot = "";
			targets = (
				7E7F6F5229864C170037F881 /* Netflix */,
			);
		};
/* End PBXProject section */

/* Begin PBXResourcesBuildPhase section */
		7E7F6F5129864C170037F881 /* Resources */ = {
			isa = PBXResourcesBuildPhase;
			buildActionMask = 2147483647;
			files = (
				7E7F6F6329864C180037F881 /* LaunchScreen.storyboard in Resources */,
				7E7F6F6029864C180037F881 /* Assets.xcassets in Resources */,
			);
			runOnlyForDeploymentPostprocessing = 0;
		};
/* End PBXResourcesBuildPhase section */

/* Begin PBXSourcesBuildPhase section */
		7E7F6F4F29864C170037F881 /* Sources */ = {
			isa = PBXSourcesBuildPhase;
			buildActionMask = 2147483647;
			files = (
				7E7F6F702986649C0037F881 /* SearchViewController.swift in Sources */,
				7E7F6F5B29864C170037F881 /* MainTabBarViewController.swift in Sources */,
				7E7F6F79298676F10037F881 /* CollectionViewTableViewCell.swift in Sources */,
				7E167C912987FA4B007D5688 /* HomeViewController.swift in Sources */,
				7E09F18A2986A2F000C00CA2 /* APICaller.swift in Sources */,
				7E7F6F7B298681760037F881 /* HeroHeaderUIView.swift in Sources */,
				7E7F6F5729864C170037F881 /* AppDelegate.swift in Sources */,
				7E7F6F72298664B60037F881 /* DownloadViewController.swift in Sources */,
				7E167C862987E6D9007D5688 /* FilmTableViewCell.swift in Sources */,
				7E09F18E2986C14F00C00CA2 /* Extensions.swift in Sources */,
				7E09F1922986D21D00C00CA2 /* FilmCollectionViewCell.swift in Sources */,
				7E167C932988088E007D5688 /* YoutubeSearchResponse.swift in Sources */,
				7E7F6F5929864C170037F881 /* SceneDelegate.swift in Sources */,
				7E167C9729881855007D5688 /* FilmPreviewViewModel.swift in Sources */,
				7E7F6F6E2986647B0037F881 /* UpcomingViewController.swift in Sources */,
				7E167C9529880C86007D5688 /* FilmPreviewViewController.swift in Sources */,
				7E167C882987E901007D5688 /* FilmViewModel.swift in Sources */,
				7E09F18C2986B9E400C00CA2 /* Film.swift in Sources */,
				7E167C8A2987F9D6007D5688 /* SearchResultViewController.swift in Sources */,
			);
			runOnlyForDeploymentPostprocessing = 0;
		};
/* End PBXSourcesBuildPhase section */

/* Begin PBXVariantGroup section */
		7E7F6F6129864C180037F881 /* LaunchScreen.storyboard */ = {
			isa = PBXVariantGroup;
			children = (
				7E7F6F6229864C180037F881 /* Base */,
			);
			name = LaunchScreen.storyboard;
			sourceTree = "<group>";
		};
/* End PBXVariantGroup section */

/* Begin XCBuildConfiguration section */
		7E7F6F6529864C180037F881 /* Debug */ = {
			isa = XCBuildConfiguration;
			buildSettings = {
				ALWAYS_SEARCH_USER_PATHS = NO;
				CLANG_ANALYZER_NONNULL = YES;
				CLANG_ANALYZER_NUMBER_OBJECT_CONVERSION = YES_AGGRESSIVE;
				CLANG_CXX_LANGUAGE_STANDARD = "gnu++20";
				CLANG_ENABLE_MODULES = YES;
				CLANG_ENABLE_OBJC_ARC = YES;
				CLANG_ENABLE_OBJC_WEAK = YES;
				CLANG_WARN_BLOCK_CAPTURE_AUTORELEASING = YES;
				CLANG_WARN_BOOL_CONVERSION = YES;
				CLANG_WARN_COMMA = YES;
				CLANG_WARN_CONSTANT_CONVERSION = YES;
				CLANG_WARN_DEPRECATED_OBJC_IMPLEMENTATIONS = YES;
				CLANG_WARN_DIRECT_OBJC_ISA_USAGE = YES_ERROR;
				CLANG_WARN_DOCUMENTATION_COMMENTS = YES;
				CLANG_WARN_EMPTY_BODY = YES;
				CLANG_WARN_ENUM_CONVERSION = YES;
				CLANG_WARN_INFINITE_RECURSION = YES;
				CLANG_WARN_INT_CONVERSION = YES;
				CLANG_WARN_NON_LITERAL_NULL_CONVERSION = YES;
				CLANG_WARN_OBJC_IMPLICIT_RETAIN_SELF = YES;
				CLANG_WARN_OBJC_LITERAL_CONVERSION = YES;
				CLANG_WARN_OBJC_ROOT_CLASS = YES_ERROR;
				CLANG_WARN_QUOTED_INCLUDE_IN_FRAMEWORK_HEADER = YES;
				CLANG_WARN_RANGE_LOOP_ANALYSIS = YES;
				CLANG_WARN_STRICT_PROTOTYPES = YES;
				CLANG_WARN_SUSPICIOUS_MOVE = YES;
				CLANG_WARN_UNGUARDED_AVAILABILITY = YES_AGGRESSIVE;
				CLANG_WARN_UNREACHABLE_CODE = YES;
				CLANG_WARN__DUPLICATE_METHOD_MATCH = YES;
				COPY_PHASE_STRIP = NO;
				DEBUG_INFORMATION_FORMAT = dwarf;
				ENABLE_STRICT_OBJC_MSGSEND = YES;
				ENABLE_TESTABILITY = YES;
				GCC_C_LANGUAGE_STANDARD = gnu11;
				GCC_DYNAMIC_NO_PIC = NO;
				GCC_NO_COMMON_BLOCKS = YES;
				GCC_OPTIMIZATION_LEVEL = 0;
				GCC_PREPROCESSOR_DEFINITIONS = (
					"DEBUG=1",
					"$(inherited)",
				);
				GCC_WARN_64_TO_32_BIT_CONVERSION = YES;
				GCC_WARN_ABOUT_RETURN_TYPE = YES_ERROR;
				GCC_WARN_UNDECLARED_SELECTOR = YES;
				GCC_WARN_UNINITIALIZED_AUTOS = YES_AGGRESSIVE;
				GCC_WARN_UNUSED_FUNCTION = YES;
				GCC_WARN_UNUSED_VARIABLE = YES;
				IPHONEOS_DEPLOYMENT_TARGET = 16.2;
				MTL_ENABLE_DEBUG_INFO = INCLUDE_SOURCE;
				MTL_FAST_MATH = YES;
				ONLY_ACTIVE_ARCH = YES;
				SDKROOT = iphoneos;
				SWIFT_ACTIVE_COMPILATION_CONDITIONS = DEBUG;
				SWIFT_OPTIMIZATION_LEVEL = "-Onone";
			};
			name = Debug;
		};
		7E7F6F6629864C180037F881 /* Release */ = {
			isa = XCBuildConfiguration;
			buildSettings = {
				ALWAYS_SEARCH_USER_PATHS = NO;
				CLANG_ANALYZER_NONNULL = YES;
				CLANG_ANALYZER_NUMBER_OBJECT_CONVERSION = YES_AGGRESSIVE;
				CLANG_CXX_LANGUAGE_STANDARD = "gnu++20";
				CLANG_ENABLE_MODULES = YES;
				CLANG_ENABLE_OBJC_ARC = YES;
				CLANG_ENABLE_OBJC_WEAK = YES;
				CLANG_WARN_BLOCK_CAPTURE_AUTORELEASING = YES;
				CLANG_WARN_BOOL_CONVERSION = YES;
				CLANG_WARN_COMMA = YES;
				CLANG_WARN_CONSTANT_CONVERSION = YES;
				CLANG_WARN_DEPRECATED_OBJC_IMPLEMENTATIONS = YES;
				CLANG_WARN_DIRECT_OBJC_ISA_USAGE = YES_ERROR;
				CLANG_WARN_DOCUMENTATION_COMMENTS = YES;
				CLANG_WARN_EMPTY_BODY = YES;
				CLANG_WARN_ENUM_CONVERSION = YES;
				CLANG_WARN_INFINITE_RECURSION = YES;
				CLANG_WARN_INT_CONVERSION = YES;
				CLANG_WARN_NON_LITERAL_NULL_CONVERSION = YES;
				CLANG_WARN_OBJC_IMPLICIT_RETAIN_SELF = YES;
				CLANG_WARN_OBJC_LITERAL_CONVERSION = YES;
				CLANG_WARN_OBJC_ROOT_CLASS = YES_ERROR;
				CLANG_WARN_QUOTED_INCLUDE_IN_FRAMEWORK_HEADER = YES;
				CLANG_WARN_RANGE_LOOP_ANALYSIS = YES;
				CLANG_WARN_STRICT_PROTOTYPES = YES;
				CLANG_WARN_SUSPICIOUS_MOVE = YES;
				CLANG_WARN_UNGUARDED_AVAILABILITY = YES_AGGRESSIVE;
				CLANG_WARN_UNREACHABLE_CODE = YES;
				CLANG_WARN__DUPLICATE_METHOD_MATCH = YES;
				COPY_PHASE_STRIP = NO;
				DEBUG_INFORMATION_FORMAT = "dwarf-with-dsym";
				ENABLE_NS_ASSERTIONS = NO;
				ENABLE_STRICT_OBJC_MSGSEND = YES;
				GCC_C_LANGUAGE_STANDARD = gnu11;
				GCC_NO_COMMON_BLOCKS = YES;
				GCC_WARN_64_TO_32_BIT_CONVERSION = YES;
				GCC_WARN_ABOUT_RETURN_TYPE = YES_ERROR;
				GCC_WARN_UNDECLARED_SELECTOR = YES;
				GCC_WARN_UNINITIALIZED_AUTOS = YES_AGGRESSIVE;
				GCC_WARN_UNUSED_FUNCTION = YES;
				GCC_WARN_UNUSED_VARIABLE = YES;
				IPHONEOS_DEPLOYMENT_TARGET = 16.2;
				MTL_ENABLE_DEBUG_INFO = NO;
				MTL_FAST_MATH = YES;
				SDKROOT = iphoneos;
				SWIFT_COMPILATION_MODE = wholemodule;
				SWIFT_OPTIMIZATION_LEVEL = "-O";
				VALIDATE_PRODUCT = YES;
			};
			name = Release;
		};
		7E7F6F6829864C180037F881 /* Debug */ = {
			isa = XCBuildConfiguration;
			buildSettings = {
				ASSETCATALOG_COMPILER_APPICON_NAME = AppIcon;
				ASSETCATALOG_COMPILER_GLOBAL_ACCENT_COLOR_NAME = AccentColor;
				CODE_SIGN_STYLE = Automatic;
				CURRENT_PROJECT_VERSION = 1;
				DEVELOPMENT_TEAM = 3F8C4P2T95;
				GENERATE_INFOPLIST_FILE = YES;
				INFOPLIST_FILE = Netflix/Info.plist;
				INFOPLIST_KEY_UIApplicationSupportsIndirectInputEvents = YES;
				INFOPLIST_KEY_UILaunchStoryboardName = LaunchScreen;
				INFOPLIST_KEY_UISupportedInterfaceOrientations_iPad = "UIInterfaceOrientationPortrait UIInterfaceOrientationPortraitUpsideDown UIInterfaceOrientationLandscapeLeft UIInterfaceOrientationLandscapeRight";
				INFOPLIST_KEY_UISupportedInterfaceOrientations_iPhone = "UIInterfaceOrientationPortrait UIInterfaceOrientationLandscapeLeft UIInterfaceOrientationLandscapeRight";
				LD_RUNPATH_SEARCH_PATHS = (
					"$(inherited)",
					"@executable_path/Frameworks",
				);
				MARKETING_VERSION = 1.0;
				PRODUCT_BUNDLE_IDENTIFIER = com.rivaldofez.Netflix;
				PRODUCT_NAME = "$(TARGET_NAME)";
				SWIFT_EMIT_LOC_STRINGS = YES;
				SWIFT_VERSION = 5.0;
				TARGETED_DEVICE_FAMILY = "1,2";
			};
			name = Debug;
		};
		7E7F6F6929864C180037F881 /* Release */ = {
			isa = XCBuildConfiguration;
			buildSettings = {
				ASSETCATALOG_COMPILER_APPICON_NAME = AppIcon;
				ASSETCATALOG_COMPILER_GLOBAL_ACCENT_COLOR_NAME = AccentColor;
				CODE_SIGN_STYLE = Automatic;
				CURRENT_PROJECT_VERSION = 1;
				DEVELOPMENT_TEAM = 3F8C4P2T95;
				GENERATE_INFOPLIST_FILE = YES;
				INFOPLIST_FILE = Netflix/Info.plist;
				INFOPLIST_KEY_UIApplicationSupportsIndirectInputEvents = YES;
				INFOPLIST_KEY_UILaunchStoryboardName = LaunchScreen;
				INFOPLIST_KEY_UISupportedInterfaceOrientations_iPad = "UIInterfaceOrientationPortrait UIInterfaceOrientationPortraitUpsideDown UIInterfaceOrientationLandscapeLeft UIInterfaceOrientationLandscapeRight";
				INFOPLIST_KEY_UISupportedInterfaceOrientations_iPhone = "UIInterfaceOrientationPortrait UIInterfaceOrientationLandscapeLeft UIInterfaceOrientationLandscapeRight";
				LD_RUNPATH_SEARCH_PATHS = (
					"$(inherited)",
					"@executable_path/Frameworks",
				);
				MARKETING_VERSION = 1.0;
				PRODUCT_BUNDLE_IDENTIFIER = com.rivaldofez.Netflix;
				PRODUCT_NAME = "$(TARGET_NAME)";
				SWIFT_EMIT_LOC_STRINGS = YES;
				SWIFT_VERSION = 5.0;
				TARGETED_DEVICE_FAMILY = "1,2";
			};
			name = Release;
		};
/* End XCBuildConfiguration section */

/* Begin XCConfigurationList section */
		7E7F6F4E29864C170037F881 /* Build configuration list for PBXProject "Netflix" */ = {
			isa = XCConfigurationList;
			buildConfigurations = (
				7E7F6F6529864C180037F881 /* Debug */,
				7E7F6F6629864C180037F881 /* Release */,
			);
			defaultConfigurationIsVisible = 0;
			defaultConfigurationName = Release;
		};
		7E7F6F6729864C180037F881 /* Build configuration list for PBXNativeTarget "Netflix" */ = {
			isa = XCConfigurationList;
			buildConfigurations = (
				7E7F6F6829864C180037F881 /* Debug */,
				7E7F6F6929864C180037F881 /* Release */,
			);
			defaultConfigurationIsVisible = 0;
			defaultConfigurationName = Release;
		};
/* End XCConfigurationList section */

/* Begin XCRemoteSwiftPackageReference section */
		7E167C802987D412007D5688 /* XCRemoteSwiftPackageReference "SDWebImage" */ = {
			isa = XCRemoteSwiftPackageReference;
			repositoryURL = "https://github.com/SDWebImage/SDWebImage.git";
			requirement = {
				kind = upToNextMajorVersion;
				minimumVersion = 5.0.0;
			};
		};
/* End XCRemoteSwiftPackageReference section */

/* Begin XCSwiftPackageProductDependency section */
		7E167C812987D412007D5688 /* SDWebImage */ = {
			isa = XCSwiftPackageProductDependency;
			package = 7E167C802987D412007D5688 /* XCRemoteSwiftPackageReference "SDWebImage" */;
			productName = SDWebImage;
		};
		7E167C832987D412007D5688 /* SDWebImageMapKit */ = {
			isa = XCSwiftPackageProductDependency;
			package = 7E167C802987D412007D5688 /* XCRemoteSwiftPackageReference "SDWebImage" */;
			productName = SDWebImageMapKit;
		};
/* End XCSwiftPackageProductDependency section */
	};
	rootObject = 7E7F6F4B29864C170037F881 /* Project object */;
}
